
Microsoft Visual Studio Solution File, Format Version 12.00
# Visual Studio Version 17
VisualStudioVersion = 17.0.31912.275
MinimumVisualStudioVersion = 10.0.40219.1
Project("{2150E333-8FDC-42A3-9474-1A3956D46DE8}") = "01.commen", "01.commen", "{42939B57-6295-496D-BD23-9F67272B29E3}"
EndProject
Project("{2150E333-8FDC-42A3-9474-1A3956D46DE8}") = "02.service", "02.service", "{C8573CB2-E831-4537-AD12-FE2CA7B19345}"
EndProject
Project("{2150E333-8FDC-42A3-9474-1A3956D46DE8}") = "03.sdk", "03.sdk", "{63DC3303-B90B-4D49-94ED-30DAAD6AD2C3}"
EndProject
Project("{9A19103F-16F7-4668-BE54-9A1E7A4F7556}") = "SMS.API", "src\02.service\SMS.API\SMS.API.csproj", "{0C3C8E67-B077-4CAB-A0C0-45204347C7A1}"
EndProject
Project("{9A19103F-16F7-4668-BE54-9A1E7A4F7556}") = "SMS.Base", "src\02.service\SMS.Base\SMS.Base.csproj", "{40A6E6BF-0DC3-4A44-977F-E40F47F4319A}"
EndProject
Project("{9A19103F-16F7-4668-BE54-9A1E7A4F7556}") = "SMS.Data", "src\02.service\SMS.Data\SMS.Data.csproj", "{30383FF1-DC79-4C73-8FD9-229CFB1EC89C}"
EndProject
Project("{9A19103F-16F7-4668-BE54-9A1E7A4F7556}") = "SMS.Service", "src\02.service\SMS.Service\SMS.Service.csproj", "{543DA26D-765E-4278-B340-80D1D9A357A1}"
EndProject
Project("{9A19103F-16F7-4668-BE54-9A1E7A4F7556}") = "SMS.Model", "src\02.service\SMS.Model\SMS.Model.csproj", "{465135D3-8A99-4D15-8047-2AAF69CB36A9}"
EndProject
Project("{9A19103F-16F7-4668-BE54-9A1E7A4F7556}") = "Commen.EntityFramworkCore", "src\01.commen\Commen.EntityFramworkCore\Commen.EntityFramworkCore.csproj", "{32A2008F-D082-47A3-80C9-2AF318A33A42}"
EndProject
Project("{9A19103F-16F7-4668-BE54-9A1E7A4F7556}") = "Commen.Helper", "src\01.commen\Commen.Helper\Commen.Helper.csproj", "{6DA42484-0E6B-4503-A990-96220CC3AC80}"
EndProject
Project("{9A19103F-16F7-4668-BE54-9A1E7A4F7556}") = "Commen.ExceptionHandling", "src\01.commen\Commen.ExceptionHandling\Commen.ExceptionHandling.csproj", "{FDE91FA1-98E0-4FD6-AB59-3C99C06B93D8}"
EndProject
Project("{2150E333-8FDC-42A3-9474-1A3956D46DE8}") = "Solution Items", "Solution Items", "{DCC31687-CC2A-40D0-B7A1-0183C93EF1A0}"
	ProjectSection(SolutionItems) = preProject
		.editorconfig = .editorconfig
	EndProjectSection
EndProject
Project("{9A19103F-16F7-4668-BE54-9A1E7A4F7556}") = "SMS.Repository", "src\02.service\SMS.Repository\SMS.Repository.csproj", "{15F7C154-4831-4B5B-8F3A-A50C00C728B0}"
EndProject
Project("{2150E333-8FDC-42A3-9474-1A3956D46DE8}") = "Commen.EntityFrameworkCore.SqlServer", "Commen.EntityFrameworkCore.SqlServer", "{07FAF53F-AFEE-4E17-9D75-67F3FB527FD8}"
EndProject
Project("{FAE04EC0-301F-11D3-BF4B-00C04F79EFBC}") = "Common.VNextFramework.Auditing", "src\01.commen\Commen.EntityFrameworkCore.SqlServer\Common.VNextFramework.Auditing\Common.VNextFramework.Auditing.csproj", "{75B5FAEC-D7BD-4880-A92E-1C109DC94D1D}"
EndProject
Project("{FAE04EC0-301F-11D3-BF4B-00C04F79EFBC}") = "Common.VNextFramework.EntityFramework", "src\01.commen\Commen.EntityFrameworkCore.SqlServer\Common.VNextFramework.EntityFramework\Common.VNextFramework.EntityFramework.csproj", "{BAFCAB4A-3947-4DF6-BF62-F6C2CB8C2B5F}"
EndProject
Project("{FAE04EC0-301F-11D3-BF4B-00C04F79EFBC}") = "Common.VNextFramework.Extensions", "src\01.commen\Commen.EntityFrameworkCore.SqlServer\Common.VNextFramework.Extensions\Common.VNextFramework.Extensions.csproj", "{F7EEA0E9-D650-4199-AA63-AE2EAB9CBD37}"
EndProject
Project("{FAE04EC0-301F-11D3-BF4B-00C04F79EFBC}") = "Common.VNextFramework.Model", "src\01.commen\Commen.EntityFrameworkCore.SqlServer\Common.VNextFramework.Model\Common.VNextFramework.Model.csproj", "{CC3C8603-2935-4601-80D1-474C4512DB56}"
EndProject
Project("{FAE04EC0-301F-11D3-BF4B-00C04F79EFBC}") = "Common.VNextFramework.Tools", "src\01.commen\Commen.EntityFrameworkCore.SqlServer\Common.VNextFramework.Tools\Common.VNextFramework.Tools.csproj", "{A5B037C8-34D5-4011-9BE7-880D6F61F5C0}"
EndProject
Global
	GlobalSection(SolutionConfigurationPlatforms) = preSolution
		Debug|Any CPU = Debug|Any CPU
		Release|Any CPU = Release|Any CPU
	EndGlobalSection
	GlobalSection(ProjectConfigurationPlatforms) = postSolution
		{0C3C8E67-B077-4CAB-A0C0-45204347C7A1}.Debug|Any CPU.ActiveCfg = Debug|Any CPU
		{0C3C8E67-B077-4CAB-A0C0-45204347C7A1}.Debug|Any CPU.Build.0 = Debug|Any CPU
		{0C3C8E67-B077-4CAB-A0C0-45204347C7A1}.Release|Any CPU.ActiveCfg = Release|Any CPU
		{0C3C8E67-B077-4CAB-A0C0-45204347C7A1}.Release|Any CPU.Build.0 = Release|Any CPU
		{40A6E6BF-0DC3-4A44-977F-E40F47F4319A}.Debug|Any CPU.ActiveCfg = Debug|Any CPU
		{40A6E6BF-0DC3-4A44-977F-E40F47F4319A}.Debug|Any CPU.Build.0 = Debug|Any CPU
		{40A6E6BF-0DC3-4A44-977F-E40F47F4319A}.Release|Any CPU.ActiveCfg = Release|Any CPU
		{40A6E6BF-0DC3-4A44-977F-E40F47F4319A}.Release|Any CPU.Build.0 = Release|Any CPU
		{30383FF1-DC79-4C73-8FD9-229CFB1EC89C}.Debug|Any CPU.ActiveCfg = Debug|Any CPU
		{30383FF1-DC79-4C73-8FD9-229CFB1EC89C}.Debug|Any CPU.Build.0 = Debug|Any CPU
		{30383FF1-DC79-4C73-8FD9-229CFB1EC89C}.Release|Any CPU.ActiveCfg = Release|Any CPU
		{30383FF1-DC79-4C73-8FD9-229CFB1EC89C}.Release|Any CPU.Build.0 = Release|Any CPU
		{543DA26D-765E-4278-B340-80D1D9A357A1}.Debug|Any CPU.ActiveCfg = Debug|Any CPU
		{543DA26D-765E-4278-B340-80D1D9A357A1}.Debug|Any CPU.Build.0 = Debug|Any CPU
		{543DA26D-765E-4278-B340-80D1D9A357A1}.Release|Any CPU.ActiveCfg = Release|Any CPU
		{543DA26D-765E-4278-B340-80D1D9A357A1}.Release|Any CPU.Build.0 = Release|Any CPU
		{465135D3-8A99-4D15-8047-2AAF69CB36A9}.Debug|Any CPU.ActiveCfg = Debug|Any CPU
		{465135D3-8A99-4D15-8047-2AAF69CB36A9}.Debug|Any CPU.Build.0 = Debug|Any CPU
		{465135D3-8A99-4D15-8047-2AAF69CB36A9}.Release|Any CPU.ActiveCfg = Release|Any CPU
		{465135D3-8A99-4D15-8047-2AAF69CB36A9}.Release|Any CPU.Build.0 = Release|Any CPU
		{32A2008F-D082-47A3-80C9-2AF318A33A42}.Debug|Any CPU.ActiveCfg = Debug|Any CPU
		{32A2008F-D082-47A3-80C9-2AF318A33A42}.Debug|Any CPU.Build.0 = Debug|Any CPU
		{32A2008F-D082-47A3-80C9-2AF318A33A42}.Release|Any CPU.ActiveCfg = Release|Any CPU
		{32A2008F-D082-47A3-80C9-2AF318A33A42}.Release|Any CPU.Build.0 = Release|Any CPU
		{6DA42484-0E6B-4503-A990-96220CC3AC80}.Debug|Any CPU.ActiveCfg = Debug|Any CPU
		{6DA42484-0E6B-4503-A990-96220CC3AC80}.Debug|Any CPU.Build.0 = Debug|Any CPU
		{6DA42484-0E6B-4503-A990-96220CC3AC80}.Release|Any CPU.ActiveCfg = Release|Any CPU
		{6DA42484-0E6B-4503-A990-96220CC3AC80}.Release|Any CPU.Build.0 = Release|Any CPU
		{FDE91FA1-98E0-4FD6-AB59-3C99C06B93D8}.Debug|Any CPU.ActiveCfg = Debug|Any CPU
		{FDE91FA1-98E0-4FD6-AB59-3C99C06B93D8}.Debug|Any CPU.Build.0 = Debug|Any CPU
		{FDE91FA1-98E0-4FD6-AB59-3C99C06B93D8}.Release|Any CPU.ActiveCfg = Release|Any CPU
		{FDE91FA1-98E0-4FD6-AB59-3C99C06B93D8}.Release|Any CPU.Build.0 = Release|Any CPU
		{15F7C154-4831-4B5B-8F3A-A50C00C728B0}.Debug|Any CPU.ActiveCfg = Debug|Any CPU
		{15F7C154-4831-4B5B-8F3A-A50C00C728B0}.Debug|Any CPU.Build.0 = Debug|Any CPU
		{15F7C154-4831-4B5B-8F3A-A50C00C728B0}.Release|Any CPU.ActiveCfg = Release|Any CPU
		{15F7C154-4831-4B5B-8F3A-A50C00C728B0}.Release|Any CPU.Build.0 = Release|Any CPU
		{75B5FAEC-D7BD-4880-A92E-1C109DC94D1D}.Debug|Any CPU.ActiveCfg = Debug|Any CPU
		{75B5FAEC-D7BD-4880-A92E-1C109DC94D1D}.Debug|Any CPU.Build.0 = Debug|Any CPU
		{75B5FAEC-D7BD-4880-A92E-1C109DC94D1D}.Release|Any CPU.ActiveCfg = Release|Any CPU
		{75B5FAEC-D7BD-4880-A92E-1C109DC94D1D}.Release|Any CPU.Build.0 = Release|Any CPU
		{BAFCAB4A-3947-4DF6-BF62-F6C2CB8C2B5F}.Debug|Any CPU.ActiveCfg = Debug|Any CPU
		{BAFCAB4A-3947-4DF6-BF62-F6C2CB8C2B5F}.Debug|Any CPU.Build.0 = Debug|Any CPU
		{BAFCAB4A-3947-4DF6-BF62-F6C2CB8C2B5F}.Release|Any CPU.ActiveCfg = Release|Any CPU
		{BAFCAB4A-3947-4DF6-BF62-F6C2CB8C2B5F}.Release|Any CPU.Build.0 = Release|Any CPU
		{F7EEA0E9-D650-4199-AA63-AE2EAB9CBD37}.Debug|Any CPU.ActiveCfg = Debug|Any CPU
		{F7EEA0E9-D650-4199-AA63-AE2EAB9CBD37}.Debug|Any CPU.Build.0 = Debug|Any CPU
		{F7EEA0E9-D650-4199-AA63-AE2EAB9CBD37}.Release|Any CPU.ActiveCfg = Release|Any CPU
		{F7EEA0E9-D650-4199-AA63-AE2EAB9CBD37}.Release|Any CPU.Build.0 = Release|Any CPU
		{CC3C8603-2935-4601-80D1-474C4512DB56}.Debug|Any CPU.ActiveCfg = Debug|Any CPU
		{CC3C8603-2935-4601-80D1-474C4512DB56}.Debug|Any CPU.Build.0 = Debug|Any CPU
		{CC3C8603-2935-4601-80D1-474C4512DB56}.Release|Any CPU.ActiveCfg = Release|Any CPU
		{CC3C8603-2935-4601-80D1-474C4512DB56}.Release|Any CPU.Build.0 = Release|Any CPU
		{A5B037C8-34D5-4011-9BE7-880D6F61F5C0}.Debug|Any CPU.ActiveCfg = Debug|Any CPU
		{A5B037C8-34D5-4011-9BE7-880D6F61F5C0}.Debug|Any CPU.Build.0 = Debug|Any CPU
		{A5B037C8-34D5-4011-9BE7-880D6F61F5C0}.Release|Any CPU.ActiveCfg = Release|Any CPU
		{A5B037C8-34D5-4011-9BE7-880D6F61F5C0}.Release|Any CPU.Build.0 = Release|Any CPU
	EndGlobalSection
	GlobalSection(SolutionProperties) = preSolution
		HideSolutionNode = FALSE
	EndGlobalSection
	GlobalSection(NestedProjects) = preSolution
		{0C3C8E67-B077-4CAB-A0C0-45204347C7A1} = {C8573CB2-E831-4537-AD12-FE2CA7B19345}
		{40A6E6BF-0DC3-4A44-977F-E40F47F4319A} = {C8573CB2-E831-4537-AD12-FE2CA7B19345}
		{30383FF1-DC79-4C73-8FD9-229CFB1EC89C} = {C8573CB2-E831-4537-AD12-FE2CA7B19345}
		{543DA26D-765E-4278-B340-80D1D9A357A1} = {C8573CB2-E831-4537-AD12-FE2CA7B19345}
		{465135D3-8A99-4D15-8047-2AAF69CB36A9} = {C8573CB2-E831-4537-AD12-FE2CA7B19345}
		{32A2008F-D082-47A3-80C9-2AF318A33A42} = {42939B57-6295-496D-BD23-9F67272B29E3}
		{6DA42484-0E6B-4503-A990-96220CC3AC80} = {42939B57-6295-496D-BD23-9F67272B29E3}
		{FDE91FA1-98E0-4FD6-AB59-3C99C06B93D8} = {42939B57-6295-496D-BD23-9F67272B29E3}
		{15F7C154-4831-4B5B-8F3A-A50C00C728B0} = {C8573CB2-E831-4537-AD12-FE2CA7B19345}
		{07FAF53F-AFEE-4E17-9D75-67F3FB527FD8} = {42939B57-6295-496D-BD23-9F67272B29E3}
		{75B5FAEC-D7BD-4880-A92E-1C109DC94D1D} = {07FAF53F-AFEE-4E17-9D75-67F3FB527FD8}
		{BAFCAB4A-3947-4DF6-BF62-F6C2CB8C2B5F} = {07FAF53F-AFEE-4E17-9D75-67F3FB527FD8}
		{F7EEA0E9-D650-4199-AA63-AE2EAB9CBD37} = {07FAF53F-AFEE-4E17-9D75-67F3FB527FD8}
		{CC3C8603-2935-4601-80D1-474C4512DB56} = {07FAF53F-AFEE-4E17-9D75-67F3FB527FD8}
		{A5B037C8-34D5-4011-9BE7-880D6F61F5C0} = {07FAF53F-AFEE-4E17-9D75-67F3FB527FD8}
	EndGlobalSection
	GlobalSection(ExtensibilityGlobals) = postSolution
		SolutionGuid = {F06E30FF-AC12-48C7-B9C6-A6923336D156}
	EndGlobalSection
EndGlobal
